
Microsoft Visual Studio Solution File, Format Version 12.00
# Visual Studio Version 17
VisualStudioVersion = 17.1.32210.238
MinimumVisualStudioVersion = 10.0.40219.1
Project("{FAE04EC0-301F-11D3-BF4B-00C04F79EFBC}") = "MembrosEstaticos2", "MembrosEstaticos2\MembrosEstaticos2.csproj", "{0D8A51BB-D0C0-4F85-8B37-29BC206AA4EB}"
EndProject
Global
	GlobalSection(SolutionConfigurationPlatforms) = preSolution
		Debug|Any CPU = Debug|Any CPU
		Release|Any CPU = Release|Any CPU
	EndGlobalSection
	GlobalSection(ProjectConfigurationPlatforms) = postSolution
		{0D8A51BB-D0C0-4F85-8B37-29BC206AA4EB}.Debug|Any CPU.ActiveCfg = Debug|Any CPU
		{0D8A51BB-D0C0-4F85-8B37-29BC206AA4EB}.Debug|Any CPU.Build.0 = Debug|Any CPU
		{0D8A51BB-D0C0-4F85-8B37-29BC206AA4EB}.Release|Any CPU.ActiveCfg = Release|Any CPU
		{0D8A51BB-D0C0-4F85-8B37-29BC206AA4EB}.Release|Any CPU.Build.0 = Release|Any CPU
	EndGlobalSection
	GlobalSection(SolutionProperties) = preSolution
		HideSolutionNode = FALSE
	EndGlobalSection
	GlobalSection(ExtensibilityGlobals) = postSolution
		SolutionGuid = {F43AC6EC-2C77-4EA9-B143-F875F6DAC07D}
	EndGlobalSection
EndGlobal
